
Microsoft Visual Studio Solution File, Format Version 12.00
# Visual Studio Version 16
VisualStudioVersion = 16.0.30114.105
MinimumVisualStudioVersion = 10.0.40219.1
Project("{FAE04EC0-301F-11D3-BF4B-00C04F79EFBC}") = "API", "API\API.csproj", "{A74AD392-CA20-425A-9864-7E778FF5F8F1}"
EndProject
Project("{FAE04EC0-301F-11D3-BF4B-00C04F79EFBC}") = "Application", "Application\Application.csproj", "{C933B115-AD29-4C03-91F0-07BED12186DF}"
EndProject
Project("{FAE04EC0-301F-11D3-BF4B-00C04F79EFBC}") = "Persistence", "Persistence\Persistence.csproj", "{34922485-93E6-4E29-8F38-C9BCBCDD2802}"
EndProject
Project("{FAE04EC0-301F-11D3-BF4B-00C04F79EFBC}") = "Domain", "Domain\Domain.csproj", "{4B80EFCF-22C3-4DE2-A47D-9FB18D6658CB}"
EndProject
Global
	GlobalSection(SolutionConfigurationPlatforms) = preSolution
		Debug|Any CPU = Debug|Any CPU
		Release|Any CPU = Release|Any CPU
	EndGlobalSection
	GlobalSection(SolutionProperties) = preSolution
		HideSolutionNode = FALSE
	EndGlobalSection
	GlobalSection(ProjectConfigurationPlatforms) = postSolution
		{A74AD392-CA20-425A-9864-7E778FF5F8F1}.Debug|Any CPU.ActiveCfg = Debug|Any CPU
		{A74AD392-CA20-425A-9864-7E778FF5F8F1}.Debug|Any CPU.Build.0 = Debug|Any CPU
		{A74AD392-CA20-425A-9864-7E778FF5F8F1}.Release|Any CPU.ActiveCfg = Release|Any CPU
		{A74AD392-CA20-425A-9864-7E778FF5F8F1}.Release|Any CPU.Build.0 = Release|Any CPU
		{C933B115-AD29-4C03-91F0-07BED12186DF}.Debug|Any CPU.ActiveCfg = Debug|Any CPU
		{C933B115-AD29-4C03-91F0-07BED12186DF}.Debug|Any CPU.Build.0 = Debug|Any CPU
		{C933B115-AD29-4C03-91F0-07BED12186DF}.Release|Any CPU.ActiveCfg = Release|Any CPU
		{C933B115-AD29-4C03-91F0-07BED12186DF}.Release|Any CPU.Build.0 = Release|Any CPU
		{34922485-93E6-4E29-8F38-C9BCBCDD2802}.Debug|Any CPU.ActiveCfg = Debug|Any CPU
		{34922485-93E6-4E29-8F38-C9BCBCDD2802}.Debug|Any CPU.Build.0 = Debug|Any CPU
		{34922485-93E6-4E29-8F38-C9BCBCDD2802}.Release|Any CPU.ActiveCfg = Release|Any CPU
		{34922485-93E6-4E29-8F38-C9BCBCDD2802}.Release|Any CPU.Build.0 = Release|Any CPU
		{4B80EFCF-22C3-4DE2-A47D-9FB18D6658CB}.Debug|Any CPU.ActiveCfg = Debug|Any CPU
		{4B80EFCF-22C3-4DE2-A47D-9FB18D6658CB}.Debug|Any CPU.Build.0 = Debug|Any CPU
		{4B80EFCF-22C3-4DE2-A47D-9FB18D6658CB}.Release|Any CPU.ActiveCfg = Release|Any CPU
		{4B80EFCF-22C3-4DE2-A47D-9FB18D6658CB}.Release|Any CPU.Build.0 = Release|Any CPU
	EndGlobalSection
EndGlobal
